<?xml version="1.0" encoding="utf-8"?>
<Project ToolsVersion="4.0" xmlns="http://schemas.microsoft.com/developer/msbuild/2003">
  <ItemGroup>
    <ClCompile Include="src\main.cpp">
      <Filter>src</Filter>
    </ClCompile>
    <ClCompile Include="src\Settings.cpp">
      <Filter>src</Filter>
    </ClCompile>
    <ClCompile Include="src\UnpausedTaskQueue.cpp">
      <Filter>src</Filter>
    </ClCompile>
    <ClCompile Include="src\SkyrimSoulsRE.cpp">
      <Filter>src</Filter>
    </ClCompile>
    <ClCompile Include="src\AutoCloseManager.cpp">
      <Filter>src</Filter>
    </ClCompile>
    <ClCompile Include="src\Controls\MenuControlsEx.cpp">
      <Filter>src\Controls</Filter>
    </ClCompile>
    <ClCompile Include="src\Controls\PlayerControlsEx.cpp">
      <Filter>src\Controls</Filter>
    </ClCompile>
    <ClCompile Include="src\Controls\CameraMovement.cpp">
      <Filter>src\Controls</Filter>
    </ClCompile>
    <ClCompile Include="src\SlowMotionHandler.cpp">
      <Filter>src</Filter>
    </ClCompile>
    <ClCompile Include="src\Menus\CombatAlertOverlayMenu.cpp">
      <Filter>src\Menus</Filter>
    </ClCompile>
    <ClCompile Include="src\ConsoleCommandHooks.cpp">
      <Filter>src</Filter>
    </ClCompile>
    <ClCompile Include="src\AudioHooks.cpp">
      <Filter>src</Filter>
    </ClCompile>
    <ClCompile Include="src\ItemMenuUpdater.cpp">
      <Filter>src</Filter>
    </ClCompile>
    <ClCompile Include="src\Menus\BarterMenuEx.cpp">
      <Filter>src\Menus</Filter>
    </ClCompile>
    <ClCompile Include="src\Menus\BookMenuEx.cpp">
      <Filter>src\Menus</Filter>
    </ClCompile>
    <ClCompile Include="src\Menus\ConsoleEx.cpp">
      <Filter>src\Menus</Filter>
    </ClCompile>
    <ClCompile Include="src\Menus\ContainerMenuEx.cpp">
      <Filter>src\Menus</Filter>
    </ClCompile>
    <ClCompile Include="src\Menus\CustomMenuEx.cpp">
      <Filter>src\Menus</Filter>
    </ClCompile>
    <ClCompile Include="src\Menus\DialogueMenuEx.cpp">
      <Filter>src\Menus</Filter>
    </ClCompile>
    <ClCompile Include="src\Menus\FavoritesMenuEx.cpp">
      <Filter>src\Menus</Filter>
    </ClCompile>
    <ClCompile Include="src\Menus\GiftMenuEx.cpp">
      <Filter>src\Menus</Filter>
    </ClCompile>
    <ClCompile Include="src\Menus\HUDMenuEx.cpp">
      <Filter>src\Menus</Filter>
    </ClCompile>
    <ClCompile Include="src\Menus\InventoryMenuEx.cpp">
      <Filter>src\Menus</Filter>
    </ClCompile>
    <ClCompile Include="src\Menus\JournalMenuEx.cpp">
      <Filter>src\Menus</Filter>
    </ClCompile>
    <ClCompile Include="src\Menus\LevelUpMenuEx.cpp">
      <Filter>src\Menus</Filter>
    </ClCompile>
    <ClCompile Include="src\Menus\LockpickingMenuEx.cpp">
      <Filter>src\Menus</Filter>
    </ClCompile>
    <ClCompile Include="src\Menus\MagicMenuEx.cpp">
      <Filter>src\Menus</Filter>
    </ClCompile>
    <ClCompile Include="src\Menus\MapMenuEx.cpp">
      <Filter>src\Menus</Filter>
    </ClCompile>
    <ClCompile Include="src\Menus\MessageBoxMenuEx.cpp">
      <Filter>src\Menus</Filter>
    </ClCompile>
    <ClCompile Include="src\Menus\ModManagerMenuEx.cpp">
      <Filter>src\Menus</Filter>
    </ClCompile>
    <ClCompile Include="src\Menus\SleepWaitMenuEx.cpp">
      <Filter>src\Menus</Filter>
    </ClCompile>
    <ClCompile Include="src\Menus\StatsMenuEx.cpp">
      <Filter>src\Menus</Filter>
    </ClCompile>
    <ClCompile Include="src\Menus\TrainingMenuEx.cpp">
      <Filter>src\Menus</Filter>
    </ClCompile>
    <ClCompile Include="src\Menus\TutorialMenuEx.cpp">
      <Filter>src\Menus</Filter>
    </ClCompile>
    <ClCompile Include="src\Menus\TweenMenuEx.cpp">
      <Filter>src\Menus</Filter>
    </ClCompile>
    <ClCompile Include="src\PapyrusHook.cpp">
      <Filter>src</Filter>
    </ClCompile>
  </ItemGroup>
  <ItemGroup>
    <None Include="exports.def" />
    <None Include=".clang-format" />
  </ItemGroup>
  <ItemGroup>
    <Filter Include="include">
      <UniqueIdentifier>{c6b40501-8a01-4b49-8ea2-1b75874853cb}</UniqueIdentifier>
    </Filter>
    <Filter Include="src">
      <UniqueIdentifier>{0a225d30-8b41-4f8e-b39a-d4189ae7421c}</UniqueIdentifier>
    </Filter>
    <Filter Include="include\Menus">
      <UniqueIdentifier>{191e4aa9-9f10-49af-9c0a-0212aaaf6937}</UniqueIdentifier>
    </Filter>
    <Filter Include="src\Menus">
      <UniqueIdentifier>{881653fd-5f4e-4381-9990-6f31a18a9f4b}</UniqueIdentifier>
    </Filter>
    <Filter Include="include\Controls">
      <UniqueIdentifier>{da247f8f-fe4d-4191-a2bc-e5cf2af1327a}</UniqueIdentifier>
    </Filter>
    <Filter Include="src\Controls">
      <UniqueIdentifier>{9774ebdc-036b-4c4f-8e14-c76026ccb454}</UniqueIdentifier>
    </Filter>
  </ItemGroup>
  <ItemGroup>
    <ClInclude Include="include\Settings.h">
      <Filter>include</Filter>
    </ClInclude>
    <ClInclude Include="include\version.h">
      <Filter>include</Filter>
    </ClInclude>
    <ClInclude Include="include\Offsets.h">
      <Filter>include</Filter>
    </ClInclude>
    <ClInclude Include="include\UnpausedTaskQueue.h">
      <Filter>include</Filter>
    </ClInclude>
    <ClInclude Include="include\SkyrimSoulsRE.h">
      <Filter>include</Filter>
    </ClInclude>
    <ClInclude Include="include\PCH.h">
      <Filter>include</Filter>
    </ClInclude>
    <ClInclude Include="include\AutoCloseManager.h">
      <Filter>include</Filter>
    </ClInclude>
    <ClInclude Include="include\Controls\PlayerControlsEx.h">
      <Filter>include\Controls</Filter>
    </ClInclude>
    <ClInclude Include="include\Controls\MenuControlsEx.h">
      <Filter>include\Controls</Filter>
    </ClInclude>
    <ClInclude Include="include\Controls\InputHandlerEx.h">
      <Filter>include\Controls</Filter>
    </ClInclude>
    <ClInclude Include="include\Controls\CameraMovement.h">
      <Filter>include\Controls</Filter>
    </ClInclude>
    <ClInclude Include="include\SlowMotionHandler.h">
      <Filter>include</Filter>
    </ClInclude>
    <ClInclude Include="include\ConsoleCommandHooks.h">
      <Filter>include</Filter>
    </ClInclude>
    <ClInclude Include="include\AudioHooks.h">
      <Filter>include</Filter>
    </ClInclude>
    <ClInclude Include="include\Menus\CombatAlertOverlayMenu.h">
      <Filter>include\Menus</Filter>
    </ClInclude>
    <ClInclude Include="include\ItemMenuUpdater.h">
      <Filter>include</Filter>
    </ClInclude>
    <ClInclude Include="include\Controls\MapInputHandlerEx.h">
      <Filter>include\Controls</Filter>
    </ClInclude>
    <ClInclude Include="include\Menus\BarterMenuEx.h">
      <Filter>include\Menus</Filter>
    </ClInclude>
    <ClInclude Include="include\Menus\BookMenuEx.h">
      <Filter>include\Menus</Filter>
    </ClInclude>
    <ClInclude Include="include\Menus\ConsoleEx.h">
      <Filter>include\Menus</Filter>
    </ClInclude>
    <ClInclude Include="include\Menus\ContainerMenuEx.h">
      <Filter>include\Menus</Filter>
    </ClInclude>
    <ClInclude Include="include\Menus\CustomMenuEx.h">
      <Filter>include\Menus</Filter>
    </ClInclude>
    <ClInclude Include="include\Menus\DialogueMenuEx.h">
      <Filter>include\Menus</Filter>
    </ClInclude>
    <ClInclude Include="include\Menus\FavoritesMenuEx.h">
      <Filter>include\Menus</Filter>
    </ClInclude>
    <ClInclude Include="include\Menus\GiftMenuEx.h">
      <Filter>include\Menus</Filter>
    </ClInclude>
    <ClInclude Include="include\Menus\HUDMenuEx.h">
      <Filter>include\Menus</Filter>
    </ClInclude>
    <ClInclude Include="include\Menus\InventoryMenuEx.h">
      <Filter>include\Menus</Filter>
    </ClInclude>
    <ClInclude Include="include\Menus\JournalMenuEx.h">
      <Filter>include\Menus</Filter>
    </ClInclude>
    <ClInclude Include="include\Menus\LevelUpMenuEx.h">
      <Filter>include\Menus</Filter>
    </ClInclude>
    <ClInclude Include="include\Menus\LockpickingMenuEx.h">
      <Filter>include\Menus</Filter>
    </ClInclude>
    <ClInclude Include="include\Menus\MagicMenuEx.h">
      <Filter>include\Menus</Filter>
    </ClInclude>
    <ClInclude Include="include\Menus\MapMenuEx.h">
      <Filter>include\Menus</Filter>
    </ClInclude>
    <ClInclude Include="include\Menus\MessageBoxMenuEx.h">
      <Filter>include\Menus</Filter>
    </ClInclude>
    <ClInclude Include="include\Menus\ModManagerMenuEx.h">
      <Filter>include\Menus</Filter>
    </ClInclude>
    <ClInclude Include="include\Menus\SleepWaitMenuEx.h">
      <Filter>include\Menus</Filter>
    </ClInclude>
    <ClInclude Include="include\Menus\StatsMenuEx.h">
      <Filter>include\Menus</Filter>
    </ClInclude>
    <ClInclude Include="include\Menus\TrainingMenuEx.h">
      <Filter>include\Menus</Filter>
    </ClInclude>
    <ClInclude Include="include\Menus\TutorialMenuEx.h">
      <Filter>include\Menus</Filter>
    </ClInclude>
    <ClInclude Include="include\Menus\TweenMenuEx.h">
      <Filter>include\Menus</Filter>
    </ClInclude>
    <ClInclude Include="include\PapyrusHook.h">
      <Filter>include</Filter>
    </ClInclude>
    <ClInclude Include="include\EngineFixesChecker.h">
      <Filter>include</Filter>
    </ClInclude>
  </ItemGroup>
  <ItemGroup>
    <ResourceCompile Include="version.rc" />
  </ItemGroup>
</Project>